
Microsoft Visual Studio Solution File, Format Version 12.00
# Visual Studio Version 17
VisualStudioVersion = 17.14.36811.4 d17.14
MinimumVisualStudioVersion = 10.0.40219.1
Project("{FAE04EC0-301F-11D3-BF4B-00C04F79EFBC}") = "Sport_Slot_booking_system.Api", "Sport_Slot_booking_system.Api.csproj", "{1AD0BDA1-FC27-27F3-E5B5-4CB1F0188B0A}"
EndProject
Global
	GlobalSection(SolutionConfigurationPlatforms) = preSolution
		Debug|Any CPU = Debug|Any CPU
		Release|Any CPU = Release|Any CPU
	EndGlobalSection
	GlobalSection(ProjectConfigurationPlatforms) = postSolution
		{1AD0BDA1-FC27-27F3-E5B5-4CB1F0188B0A}.Debug|Any CPU.ActiveCfg = Debug|Any CPU
		{1AD0BDA1-FC27-27F3-E5B5-4CB1F0188B0A}.Debug|Any CPU.Build.0 = Debug|Any CPU
		{1AD0BDA1-FC27-27F3-E5B5-4CB1F0188B0A}.Release|Any CPU.ActiveCfg = Release|Any CPU
		{1AD0BDA1-FC27-27F3-E5B5-4CB1F0188B0A}.Release|Any CPU.Build.0 = Release|Any CPU
	EndGlobalSection
	GlobalSection(SolutionProperties) = preSolution
		HideSolutionNode = FALSE
	EndGlobalSection
	GlobalSection(ExtensibilityGlobals) = postSolution
		SolutionGuid = {21387A16-DF77-4498-9F26-958F8B18CFED}
	EndGlobalSection
EndGlobal
